
Microsoft Visual Studio Solution File, Format Version 12.00
# Visual Studio Version 17
VisualStudioVersion = 17.5.002.0
MinimumVisualStudioVersion = 10.0.40219.1
Project("{9A19103F-16F7-4668-BE54-9A1E7A4F7556}") = "Proje05_MVCIntro", "Proje05_MVCIntro.csproj", "{DE431024-D9AD-489F-8F6E-748CB4BE25DF}"
EndProject
Global
	GlobalSection(SolutionConfigurationPlatforms) = preSolution
		Debug|Any CPU = Debug|Any CPU
		Release|Any CPU = Release|Any CPU
	EndGlobalSection
	GlobalSection(ProjectConfigurationPlatforms) = postSolution
		{DE431024-D9AD-489F-8F6E-748CB4BE25DF}.Debug|Any CPU.ActiveCfg = Debug|Any CPU
		{DE431024-D9AD-489F-8F6E-748CB4BE25DF}.Debug|Any CPU.Build.0 = Debug|Any CPU
		{DE431024-D9AD-489F-8F6E-748CB4BE25DF}.Release|Any CPU.ActiveCfg = Release|Any CPU
		{DE431024-D9AD-489F-8F6E-748CB4BE25DF}.Release|Any CPU.Build.0 = Release|Any CPU
	EndGlobalSection
	GlobalSection(SolutionProperties) = preSolution
		HideSolutionNode = FALSE
	EndGlobalSection
	GlobalSection(ExtensibilityGlobals) = postSolution
		SolutionGuid = {DB431E38-5405-4154-9381-153023DB19BF}
	EndGlobalSection
EndGlobal
