
Microsoft Visual Studio Solution File, Format Version 12.00
# Visual Studio Version 17
VisualStudioVersion = 17.7.34009.444
MinimumVisualStudioVersion = 10.0.40219.1
Project("{FAE04EC0-301F-11D3-BF4B-00C04F79EFBC}") = "P10-ForLoop", "P10-ForLoop.csproj", "{A3A7CDCB-D691-43AA-AD2F-AA96798EF6DA}"
EndProject
Global
	GlobalSection(SolutionConfigurationPlatforms) = preSolution
		Debug|Any CPU = Debug|Any CPU
		Release|Any CPU = Release|Any CPU
	EndGlobalSection
	GlobalSection(ProjectConfigurationPlatforms) = postSolution
		{A3A7CDCB-D691-43AA-AD2F-AA96798EF6DA}.Debug|Any CPU.ActiveCfg = Debug|Any CPU
		{A3A7CDCB-D691-43AA-AD2F-AA96798EF6DA}.Debug|Any CPU.Build.0 = Debug|Any CPU
		{A3A7CDCB-D691-43AA-AD2F-AA96798EF6DA}.Release|Any CPU.ActiveCfg = Release|Any CPU
		{A3A7CDCB-D691-43AA-AD2F-AA96798EF6DA}.Release|Any CPU.Build.0 = Release|Any CPU
	EndGlobalSection
	GlobalSection(SolutionProperties) = preSolution
		HideSolutionNode = FALSE
	EndGlobalSection
	GlobalSection(ExtensibilityGlobals) = postSolution
		SolutionGuid = {F68048DC-2B85-40D2-A20D-F559E7690F98}
	EndGlobalSection
EndGlobal
