
Microsoft Visual Studio Solution File, Format Version 12.00
# Visual Studio Version 17
VisualStudioVersion = 17.8.34330.188
MinimumVisualStudioVersion = 10.0.40219.1
Project("{9A19103F-16F7-4668-BE54-9A1E7A4F7556}") = "MiniShop.MVC", "MiniShop.MVC.csproj", "{6078E026-6F6A-4CC9-8A4E-2AC62B4D6BE5}"
EndProject
Global
	GlobalSection(SolutionConfigurationPlatforms) = preSolution
		Debug|Any CPU = Debug|Any CPU
		Release|Any CPU = Release|Any CPU
	EndGlobalSection
	GlobalSection(ProjectConfigurationPlatforms) = postSolution
		{6078E026-6F6A-4CC9-8A4E-2AC62B4D6BE5}.Debug|Any CPU.ActiveCfg = Debug|Any CPU
		{6078E026-6F6A-4CC9-8A4E-2AC62B4D6BE5}.Debug|Any CPU.Build.0 = Debug|Any CPU
		{6078E026-6F6A-4CC9-8A4E-2AC62B4D6BE5}.Release|Any CPU.ActiveCfg = Release|Any CPU
		{6078E026-6F6A-4CC9-8A4E-2AC62B4D6BE5}.Release|Any CPU.Build.0 = Release|Any CPU
	EndGlobalSection
	GlobalSection(SolutionProperties) = preSolution
		HideSolutionNode = FALSE
	EndGlobalSection
	GlobalSection(ExtensibilityGlobals) = postSolution
		SolutionGuid = {4B65D11F-02A9-4A14-AF06-88876689F37B}
	EndGlobalSection
EndGlobal
