
Microsoft Visual Studio Solution File, Format Version 12.00
# Visual Studio Version 17
VisualStudioVersion = 17.7.34009.444
MinimumVisualStudioVersion = 10.0.40219.1
Project("{FAE04EC0-301F-11D3-BF4B-00C04F79EFBC}") = "P09-Conditions", "P09-Conditions.csproj", "{80CE9178-2161-4232-A07A-5CA5174FCA48}"
EndProject
Global
	GlobalSection(SolutionConfigurationPlatforms) = preSolution
		Debug|Any CPU = Debug|Any CPU
		Release|Any CPU = Release|Any CPU
	EndGlobalSection
	GlobalSection(ProjectConfigurationPlatforms) = postSolution
		{80CE9178-2161-4232-A07A-5CA5174FCA48}.Debug|Any CPU.ActiveCfg = Debug|Any CPU
		{80CE9178-2161-4232-A07A-5CA5174FCA48}.Debug|Any CPU.Build.0 = Debug|Any CPU
		{80CE9178-2161-4232-A07A-5CA5174FCA48}.Release|Any CPU.ActiveCfg = Release|Any CPU
		{80CE9178-2161-4232-A07A-5CA5174FCA48}.Release|Any CPU.Build.0 = Release|Any CPU
	EndGlobalSection
	GlobalSection(SolutionProperties) = preSolution
		HideSolutionNode = FALSE
	EndGlobalSection
	GlobalSection(ExtensibilityGlobals) = postSolution
		SolutionGuid = {5AC7214C-EB94-413D-9C72-04F94B0B7FDF}
	EndGlobalSection
EndGlobal
